// !$*UTF8*$!
{
	archiveVersion = 1;
	classes = {
	};
	objectVersion = 56;
	objects = {

/* Begin PBXBuildFile section */
		011ADCD62A740DD4005F38EE /* DataModel.xcdatamodeld in Sources */ = {isa = PBXBuildFile; fileRef = 011ADCD42A740DD4005F38EE /* DataModel.xcdatamodeld */; };
		011ADCD92A741E9F005F38EE /* FeedView.swift in Sources */ = {isa = PBXBuildFile; fileRef = 011ADCD82A741E9F005F38EE /* FeedView.swift */; };
		011ADCDC2A7421C6005F38EE /* ArticleView.swift in Sources */ = {isa = PBXBuildFile; fileRef = 011ADCDB2A7421C6005F38EE /* ArticleView.swift */; };
		011ADCDE2A742476005F38EE /* AddFeedView.swift in Sources */ = {isa = PBXBuildFile; fileRef = 011ADCDD2A742476005F38EE /* AddFeedView.swift */; };
		011ADCE22A7537DA005F38EE /* FeedKit in Frameworks */ = {isa = PBXBuildFile; productRef = 011ADCE12A7537DA005F38EE /* FeedKit */; };
		011ADCE72A756B03005F38EE /* FeedsController.swift in Sources */ = {isa = PBXBuildFile; fileRef = 011ADCE62A756B03005F38EE /* FeedsController.swift */; };
		0141230B2A7742CB0071BA62 /* LaunchScreen.storyboard in Resources */ = {isa = PBXBuildFile; fileRef = 01FBACCF2A76CBA20091A123 /* LaunchScreen.storyboard */; platformFilter = ios; };
		01737E4B2A60108700CD6F3C /* Settings.bundle in Resources */ = {isa = PBXBuildFile; fileRef = 01737E4A2A60108700CD6F3C /* Settings.bundle */; };
		01C031842A6020270076C3EB /* SettingsView.swift in Sources */ = {isa = PBXBuildFile; fileRef = 01C031832A6020270076C3EB /* SettingsView.swift */; };
		01C0318C2A6046250076C3EB /* DataStore.swift in Sources */ = {isa = PBXBuildFile; fileRef = 01C0318B2A6046250076C3EB /* DataStore.swift */; };
		01DE421A2A769883002123B7 /* ErrorUtils.swift in Sources */ = {isa = PBXBuildFile; fileRef = 01DE42192A769883002123B7 /* ErrorUtils.swift */; };
		01DE421C2A769950002123B7 /* AppError.swift in Sources */ = {isa = PBXBuildFile; fileRef = 01DE421B2A769950002123B7 /* AppError.swift */; };
		01E4F6922A5F4C1000953FF6 /* XosApp.swift in Sources */ = {isa = PBXBuildFile; fileRef = 01E4F6912A5F4C1000953FF6 /* XosApp.swift */; };
		01E4F6992A5F4C1000953FF6 /* HomeView.swift in Sources */ = {isa = PBXBuildFile; fileRef = 01E4F6982A5F4C1000953FF6 /* HomeView.swift */; };
		01E4F69B2A5F4C1000953FF6 /* Assets.xcassets in Resources */ = {isa = PBXBuildFile; fileRef = 01E4F69A2A5F4C1000953FF6 /* Assets.xcassets */; };
		01E4F69F2A5F4C1000953FF6 /* Preview Assets.xcassets in Resources */ = {isa = PBXBuildFile; fileRef = 01E4F69E2A5F4C1000953FF6 /* Preview Assets.xcassets */; };
		01E4F6A92A5F4C1000953FF6 /* XosTests.swift in Sources */ = {isa = PBXBuildFile; fileRef = 01E4F6A82A5F4C1000953FF6 /* XosTests.swift */; };
		01E4F6B32A5F4C1000953FF6 /* XosUITests.swift in Sources */ = {isa = PBXBuildFile; fileRef = 01E4F6B22A5F4C1000953FF6 /* XosUITests.swift */; };
		01E4F6B52A5F4C1000953FF6 /* XosUITestsLaunchTests.swift in Sources */ = {isa = PBXBuildFile; fileRef = 01E4F6B42A5F4C1000953FF6 /* XosUITestsLaunchTests.swift */; };
/* End PBXBuildFile section */

/* Begin PBXContainerItemProxy section */
		01E4F6A52A5F4C1000953FF6 /* PBXContainerItemProxy */ = {
			isa = PBXContainerItemProxy;
			containerPortal = 01E4F6862A5F4C1000953FF6 /* Project object */;
			proxyType = 1;
			remoteGlobalIDString = 01E4F68D2A5F4C1000953FF6;
			remoteInfo = macapp;
		};
		01E4F6AF2A5F4C1000953FF6 /* PBXContainerItemProxy */ = {
			isa = PBXContainerItemProxy;
			containerPortal = 01E4F6862A5F4C1000953FF6 /* Project object */;
			proxyType = 1;
			remoteGlobalIDString = 01E4F68D2A5F4C1000953FF6;
			remoteInfo = macapp;
		};
/* End PBXContainerItemProxy section */

/* Begin PBXFileReference section */
		011ADCCE2A73EB08005F38EE /* README.md */ = {isa = PBXFileReference; lastKnownFileType = net.daringfireball.markdown; path = README.md; sourceTree = "<group>"; };
		011ADCD52A740DD4005F38EE /* DataModel.xcdatamodel */ = {isa = PBXFileReference; lastKnownFileType = wrapper.xcdatamodel; path = DataModel.xcdatamodel; sourceTree = "<group>"; };
		011ADCD82A741E9F005F38EE /* FeedView.swift */ = {isa = PBXFileReference; lastKnownFileType = sourcecode.swift; path = FeedView.swift; sourceTree = "<group>"; };
		011ADCDB2A7421C6005F38EE /* ArticleView.swift */ = {isa = PBXFileReference; lastKnownFileType = sourcecode.swift; path = ArticleView.swift; sourceTree = "<group>"; };
		011ADCDD2A742476005F38EE /* AddFeedView.swift */ = {isa = PBXFileReference; lastKnownFileType = sourcecode.swift; path = AddFeedView.swift; sourceTree = "<group>"; };
		011ADCE62A756B03005F38EE /* FeedsController.swift */ = {isa = PBXFileReference; lastKnownFileType = sourcecode.swift; path = FeedsController.swift; sourceTree = "<group>"; };
		01737E4A2A60108700CD6F3C /* Settings.bundle */ = {isa = PBXFileReference; lastKnownFileType = "wrapper.plug-in"; path = Settings.bundle; sourceTree = "<group>"; };
		01C031832A6020270076C3EB /* SettingsView.swift */ = {isa = PBXFileReference; lastKnownFileType = sourcecode.swift; path = SettingsView.swift; sourceTree = "<group>"; };
		01C0318B2A6046250076C3EB /* DataStore.swift */ = {isa = PBXFileReference; lastKnownFileType = sourcecode.swift; path = DataStore.swift; sourceTree = "<group>"; };
		01DE42192A769883002123B7 /* ErrorUtils.swift */ = {isa = PBXFileReference; lastKnownFileType = sourcecode.swift; path = ErrorUtils.swift; sourceTree = "<group>"; };
		01DE421B2A769950002123B7 /* AppError.swift */ = {isa = PBXFileReference; lastKnownFileType = sourcecode.swift; path = AppError.swift; sourceTree = "<group>"; };
		01E4F68E2A5F4C1000953FF6 /* Newsie.app */ = {isa = PBXFileReference; explicitFileType = wrapper.application; includeInIndex = 0; path = Newsie.app; sourceTree = BUILT_PRODUCTS_DIR; };
		01E4F6912A5F4C1000953FF6 /* XosApp.swift */ = {isa = PBXFileReference; lastKnownFileType = sourcecode.swift; path = XosApp.swift; sourceTree = "<group>"; };
		01E4F6982A5F4C1000953FF6 /* HomeView.swift */ = {isa = PBXFileReference; lastKnownFileType = sourcecode.swift; path = HomeView.swift; sourceTree = "<group>"; usesTabs = 0; };
		01E4F69A2A5F4C1000953FF6 /* Assets.xcassets */ = {isa = PBXFileReference; lastKnownFileType = folder.assetcatalog; path = Assets.xcassets; sourceTree = "<group>"; };
		01E4F69C2A5F4C1000953FF6 /* xos.entitlements */ = {isa = PBXFileReference; lastKnownFileType = text.plist.entitlements; path = xos.entitlements; sourceTree = "<group>"; };
		01E4F69E2A5F4C1000953FF6 /* Preview Assets.xcassets */ = {isa = PBXFileReference; lastKnownFileType = folder.assetcatalog; path = "Preview Assets.xcassets"; sourceTree = "<group>"; };
		01E4F6A42A5F4C1000953FF6 /* xosTests.xctest */ = {isa = PBXFileReference; explicitFileType = wrapper.cfbundle; includeInIndex = 0; path = xosTests.xctest; sourceTree = BUILT_PRODUCTS_DIR; };
		01E4F6A82A5F4C1000953FF6 /* XosTests.swift */ = {isa = PBXFileReference; lastKnownFileType = sourcecode.swift; path = XosTests.swift; sourceTree = "<group>"; };
		01E4F6AE2A5F4C1000953FF6 /* xosUITests.xctest */ = {isa = PBXFileReference; explicitFileType = wrapper.cfbundle; includeInIndex = 0; path = xosUITests.xctest; sourceTree = BUILT_PRODUCTS_DIR; };
		01E4F6B22A5F4C1000953FF6 /* XosUITests.swift */ = {isa = PBXFileReference; lastKnownFileType = sourcecode.swift; path = XosUITests.swift; sourceTree = "<group>"; };
		01E4F6B42A5F4C1000953FF6 /* XosUITestsLaunchTests.swift */ = {isa = PBXFileReference; lastKnownFileType = sourcecode.swift; path = XosUITestsLaunchTests.swift; sourceTree = "<group>"; };
		01FBACCE2A76C8BE0091A123 /* Info.plist */ = {isa = PBXFileReference; lastKnownFileType = text.plist; path = Info.plist; sourceTree = "<group>"; };
		01FBACCF2A76CBA20091A123 /* LaunchScreen.storyboard */ = {isa = PBXFileReference; lastKnownFileType = file.storyboard; path = LaunchScreen.storyboard; sourceTree = "<group>"; };
/* End PBXFileReference section */

/* Begin PBXFrameworksBuildPhase section */
		01E4F68B2A5F4C1000953FF6 /* Frameworks */ = {
			isa = PBXFrameworksBuildPhase;
			buildActionMask = 2147483647;
			files = (
				011ADCE22A7537DA005F38EE /* FeedKit in Frameworks */,
			);
			runOnlyForDeploymentPostprocessing = 0;
		};
		01E4F6A12A5F4C1000953FF6 /* Frameworks */ = {
			isa = PBXFrameworksBuildPhase;
			buildActionMask = 2147483647;
			files = (
			);
			runOnlyForDeploymentPostprocessing = 0;
		};
		01E4F6AB2A5F4C1000953FF6 /* Frameworks */ = {
			isa = PBXFrameworksBuildPhase;
			buildActionMask = 2147483647;
			files = (
			);
			runOnlyForDeploymentPostprocessing = 0;
		};
/* End PBXFrameworksBuildPhase section */

/* Begin PBXGroup section */
		011ADCCD2A73EAB6005F38EE /* Resources */ = {
			isa = PBXGroup;
			children = (
				01E4F69D2A5F4C1000953FF6 /* Preview Content */,
				01737E4A2A60108700CD6F3C /* Settings.bundle */,
				01E4F69A2A5F4C1000953FF6 /* Assets.xcassets */,
			);
			path = Resources;
			sourceTree = "<group>";
		};
		011ADCCF2A73EBBF005F38EE /* Views */ = {
			isa = PBXGroup;
			children = (
				011ADCDA2A7421B9005F38EE /* Article */,
				011ADCD72A741E8A005F38EE /* Feed */,
				011ADCD32A740654005F38EE /* Shared */,
				011ADCD12A73EC78005F38EE /* Settings */,
				011ADCD02A73EC0D005F38EE /* Home */,
			);
			path = Views;
			sourceTree = "<group>";
		};
		011ADCD02A73EC0D005F38EE /* Home */ = {
			isa = PBXGroup;
			children = (
				01E4F6982A5F4C1000953FF6 /* HomeView.swift */,
			);
			path = Home;
			sourceTree = "<group>";
		};
		011ADCD12A73EC78005F38EE /* Settings */ = {
			isa = PBXGroup;
			children = (
				01C031832A6020270076C3EB /* SettingsView.swift */,
			);
			path = Settings;
			sourceTree = "<group>";
		};
		011ADCD22A73EDC1005F38EE /* Data */ = {
			isa = PBXGroup;
			children = (
				01C0318B2A6046250076C3EB /* DataStore.swift */,
				011ADCD42A740DD4005F38EE /* DataModel.xcdatamodeld */,
			);
			path = Data;
			sourceTree = "<group>";
		};
		011ADCD32A740654005F38EE /* Shared */ = {
			isa = PBXGroup;
			children = (
			);
			path = Shared;
			sourceTree = "<group>";
		};
		011ADCD72A741E8A005F38EE /* Feed */ = {
			isa = PBXGroup;
			children = (
				011ADCDD2A742476005F38EE /* AddFeedView.swift */,
				011ADCD82A741E9F005F38EE /* FeedView.swift */,
			);
			path = Feed;
			sourceTree = "<group>";
		};
		011ADCDA2A7421B9005F38EE /* Article */ = {
			isa = PBXGroup;
			children = (
				011ADCDB2A7421C6005F38EE /* ArticleView.swift */,
			);
			path = Article;
			sourceTree = "<group>";
		};
		011ADCDF2A7518D0005F38EE /* Utils */ = {
			isa = PBXGroup;
			children = (
				01DE42192A769883002123B7 /* ErrorUtils.swift */,
				01DE421B2A769950002123B7 /* AppError.swift */,
			);
			path = Utils;
			sourceTree = "<group>";
		};
		011ADCE52A756ADD005F38EE /* Controllers */ = {
			isa = PBXGroup;
			children = (
				011ADCE62A756B03005F38EE /* FeedsController.swift */,
			);
			path = Controllers;
			sourceTree = "<group>";
		};
		01E4F6852A5F4C1000953FF6 = {
			isa = PBXGroup;
			children = (
				011ADCCE2A73EB08005F38EE /* README.md */,
				01E4F6902A5F4C1000953FF6 /* xos */,
				01E4F6A72A5F4C1000953FF6 /* xosTests */,
				01E4F6B12A5F4C1000953FF6 /* xosUITests */,
				01E4F68F2A5F4C1000953FF6 /* Products */,
			);
			sourceTree = "<group>";
			usesTabs = 0;
		};
		01E4F68F2A5F4C1000953FF6 /* Products */ = {
			isa = PBXGroup;
			children = (
				01E4F68E2A5F4C1000953FF6 /* Newsie.app */,
				01E4F6A42A5F4C1000953FF6 /* xosTests.xctest */,
				01E4F6AE2A5F4C1000953FF6 /* xosUITests.xctest */,
			);
			name = Products;
			sourceTree = "<group>";
		};
		01E4F6902A5F4C1000953FF6 /* xos */ = {
			isa = PBXGroup;
			children = (
				01FBACCE2A76C8BE0091A123 /* Info.plist */,
				01E4F69C2A5F4C1000953FF6 /* xos.entitlements */,
				01E4F6912A5F4C1000953FF6 /* XosApp.swift */,
				01FBACCF2A76CBA20091A123 /* LaunchScreen.storyboard */,
				011ADCD22A73EDC1005F38EE /* Data */,
				011ADCE52A756ADD005F38EE /* Controllers */,
				011ADCCD2A73EAB6005F38EE /* Resources */,
				011ADCDF2A7518D0005F38EE /* Utils */,
				011ADCCF2A73EBBF005F38EE /* Views */,
			);
			path = xos;
			sourceTree = "<group>";
		};
		01E4F69D2A5F4C1000953FF6 /* Preview Content */ = {
			isa = PBXGroup;
			children = (
				01E4F69E2A5F4C1000953FF6 /* Preview Assets.xcassets */,
			);
			path = "Preview Content";
			sourceTree = "<group>";
		};
		01E4F6A72A5F4C1000953FF6 /* xosTests */ = {
			isa = PBXGroup;
			children = (
				01E4F6A82A5F4C1000953FF6 /* XosTests.swift */,
			);
			path = xosTests;
			sourceTree = "<group>";
		};
		01E4F6B12A5F4C1000953FF6 /* xosUITests */ = {
			isa = PBXGroup;
			children = (
				01E4F6B22A5F4C1000953FF6 /* XosUITests.swift */,
				01E4F6B42A5F4C1000953FF6 /* XosUITestsLaunchTests.swift */,
			);
			path = xosUITests;
			sourceTree = "<group>";
		};
/* End PBXGroup section */

/* Begin PBXNativeTarget section */
		01E4F68D2A5F4C1000953FF6 /* xos */ = {
			isa = PBXNativeTarget;
			buildConfigurationList = 01E4F6B82A5F4C1000953FF6 /* Build configuration list for PBXNativeTarget "xos" */;
			buildPhases = (
				01E4F68A2A5F4C1000953FF6 /* Sources */,
				01E4F68B2A5F4C1000953FF6 /* Frameworks */,
				01E4F68C2A5F4C1000953FF6 /* Resources */,
				01B1DF822A76ED5A0054010D /* ShellScript */,
			);
			buildRules = (
			);
			dependencies = (
			);
			name = xos;
			packageProductDependencies = (
				011ADCE12A7537DA005F38EE /* FeedKit */,
			);
			productName = macapp;
			productReference = 01E4F68E2A5F4C1000953FF6 /* Newsie.app */;
			productType = "com.apple.product-type.application";
		};
		01E4F6A32A5F4C1000953FF6 /* xosTests */ = {
			isa = PBXNativeTarget;
			buildConfigurationList = 01E4F6BB2A5F4C1000953FF6 /* Build configuration list for PBXNativeTarget "xosTests" */;
			buildPhases = (
				01E4F6A02A5F4C1000953FF6 /* Sources */,
				01E4F6A12A5F4C1000953FF6 /* Frameworks */,
				01E4F6A22A5F4C1000953FF6 /* Resources */,
			);
			buildRules = (
			);
			dependencies = (
				01E4F6A62A5F4C1000953FF6 /* PBXTargetDependency */,
			);
			name = xosTests;
			productName = macappTests;
			productReference = 01E4F6A42A5F4C1000953FF6 /* xosTests.xctest */;
			productType = "com.apple.product-type.bundle.unit-test";
		};
		01E4F6AD2A5F4C1000953FF6 /* xosUITests */ = {
			isa = PBXNativeTarget;
			buildConfigurationList = 01E4F6BE2A5F4C1000953FF6 /* Build configuration list for PBXNativeTarget "xosUITests" */;
			buildPhases = (
				01E4F6AA2A5F4C1000953FF6 /* Sources */,
				01E4F6AB2A5F4C1000953FF6 /* Frameworks */,
				01E4F6AC2A5F4C1000953FF6 /* Resources */,
			);
			buildRules = (
			);
			dependencies = (
				01E4F6B02A5F4C1000953FF6 /* PBXTargetDependency */,
			);
			name = xosUITests;
			productName = macappUITests;
			productReference = 01E4F6AE2A5F4C1000953FF6 /* xosUITests.xctest */;
			productType = "com.apple.product-type.bundle.ui-testing";
		};
/* End PBXNativeTarget section */

/* Begin PBXProject section */
		01E4F6862A5F4C1000953FF6 /* Project object */ = {
			isa = PBXProject;
			attributes = {
				BuildIndependentTargetsInParallel = 1;
				LastSwiftUpdateCheck = 1430;
				LastUpgradeCheck = 1430;
				TargetAttributes = {
					01E4F68D2A5F4C1000953FF6 = {
						CreatedOnToolsVersion = 14.3.1;
					};
					01E4F6A32A5F4C1000953FF6 = {
						CreatedOnToolsVersion = 14.3.1;
						TestTargetID = 01E4F68D2A5F4C1000953FF6;
					};
					01E4F6AD2A5F4C1000953FF6 = {
						CreatedOnToolsVersion = 14.3.1;
						TestTargetID = 01E4F68D2A5F4C1000953FF6;
					};
				};
			};
			buildConfigurationList = 01E4F6892A5F4C1000953FF6 /* Build configuration list for PBXProject "xos" */;
			compatibilityVersion = "Xcode 14.0";
			developmentRegion = en;
			hasScannedForEncodings = 0;
			knownRegions = (
				en,
				Base,
			);
			mainGroup = 01E4F6852A5F4C1000953FF6;
			packageReferences = (
				011ADCE02A7537DA005F38EE /* XCRemoteSwiftPackageReference "FeedKit" */,
			);
			productRefGroup = 01E4F68F2A5F4C1000953FF6 /* Products */;
			projectDirPath = "";
			projectRoot = "";
			targets = (
				01E4F68D2A5F4C1000953FF6 /* xos */,
				01E4F6A32A5F4C1000953FF6 /* xosTests */,
				01E4F6AD2A5F4C1000953FF6 /* xosUITests */,
			);
		};
/* End PBXProject section */

/* Begin PBXResourcesBuildPhase section */
		01E4F68C2A5F4C1000953FF6 /* Resources */ = {
			isa = PBXResourcesBuildPhase;
			buildActionMask = 2147483647;
			files = (
				01E4F69F2A5F4C1000953FF6 /* Preview Assets.xcassets in Resources */,
				0141230B2A7742CB0071BA62 /* LaunchScreen.storyboard in Resources */,
				01737E4B2A60108700CD6F3C /* Settings.bundle in Resources */,
				01E4F69B2A5F4C1000953FF6 /* Assets.xcassets in Resources */,
			);
			runOnlyForDeploymentPostprocessing = 0;
		};
		01E4F6A22A5F4C1000953FF6 /* Resources */ = {
			isa = PBXResourcesBuildPhase;
			buildActionMask = 2147483647;
			files = (
			);
			runOnlyForDeploymentPostprocessing = 0;
		};
		01E4F6AC2A5F4C1000953FF6 /* Resources */ = {
			isa = PBXResourcesBuildPhase;
			buildActionMask = 2147483647;
			files = (
			);
			runOnlyForDeploymentPostprocessing = 0;
		};
/* End PBXResourcesBuildPhase section */

/* Begin PBXShellScriptBuildPhase section */
		01B1DF822A76ED5A0054010D /* ShellScript */ = {
			isa = PBXShellScriptBuildPhase;
			alwaysOutOfDate = 1;
			buildActionMask = 2147483647;
			files = (
			);
			inputFileListPaths = (
			);
			inputPaths = (
			);
			outputFileListPaths = (
			);
			outputPaths = (
			);
			runOnlyForDeploymentPostprocessing = 0;
			shellPath = /bin/sh;
			shellScript = "if [[ \"$(uname -m)\" == arm64 ]]; then\n    export PATH=\"/opt/homebrew/bin:$PATH\"\nfi\n\nif which swiftlint > /dev/null; then \n    swiftlint --fix && swiftlint\nelse\n    echo \"warning: SwiftLint not installed\"\nfi\n";
		};
/* End PBXShellScriptBuildPhase section */

/* Begin PBXSourcesBuildPhase section */
		01E4F68A2A5F4C1000953FF6 /* Sources */ = {
			isa = PBXSourcesBuildPhase;
			buildActionMask = 2147483647;
			files = (
				011ADCDE2A742476005F38EE /* AddFeedView.swift in Sources */,
				011ADCD92A741E9F005F38EE /* FeedView.swift in Sources */,
				01DE421A2A769883002123B7 /* ErrorUtils.swift in Sources */,
				01C031842A6020270076C3EB /* SettingsView.swift in Sources */,
				01C0318C2A6046250076C3EB /* DataStore.swift in Sources */,
				011ADCDC2A7421C6005F38EE /* ArticleView.swift in Sources */,
				01E4F6922A5F4C1000953FF6 /* XosApp.swift in Sources */,
				011ADCD62A740DD4005F38EE /* DataModel.xcdatamodeld in Sources */,
				01DE421C2A769950002123B7 /* AppError.swift in Sources */,
				011ADCE72A756B03005F38EE /* FeedsController.swift in Sources */,
				01E4F6992A5F4C1000953FF6 /* HomeView.swift in Sources */,
			);
			runOnlyForDeploymentPostprocessing = 0;
		};
		01E4F6A02A5F4C1000953FF6 /* Sources */ = {
			isa = PBXSourcesBuildPhase;
			buildActionMask = 2147483647;
			files = (
				01E4F6A92A5F4C1000953FF6 /* XosTests.swift in Sources */,
			);
			runOnlyForDeploymentPostprocessing = 0;
		};
		01E4F6AA2A5F4C1000953FF6 /* Sources */ = {
			isa = PBXSourcesBuildPhase;
			buildActionMask = 2147483647;
			files = (
				01E4F6B52A5F4C1000953FF6 /* XosUITestsLaunchTests.swift in Sources */,
				01E4F6B32A5F4C1000953FF6 /* XosUITests.swift in Sources */,
			);
			runOnlyForDeploymentPostprocessing = 0;
		};
/* End PBXSourcesBuildPhase section */

/* Begin PBXTargetDependency section */
		01E4F6A62A5F4C1000953FF6 /* PBXTargetDependency */ = {
			isa = PBXTargetDependency;
			target = 01E4F68D2A5F4C1000953FF6 /* xos */;
			targetProxy = 01E4F6A52A5F4C1000953FF6 /* PBXContainerItemProxy */;
		};
		01E4F6B02A5F4C1000953FF6 /* PBXTargetDependency */ = {
			isa = PBXTargetDependency;
			target = 01E4F68D2A5F4C1000953FF6 /* xos */;
			targetProxy = 01E4F6AF2A5F4C1000953FF6 /* PBXContainerItemProxy */;
		};
/* End PBXTargetDependency section */

/* Begin XCBuildConfiguration section */
		01E4F6B62A5F4C1000953FF6 /* Debug */ = {
			isa = XCBuildConfiguration;
			buildSettings = {
				ALWAYS_SEARCH_USER_PATHS = NO;
				CLANG_ANALYZER_NONNULL = YES;
				CLANG_ANALYZER_NUMBER_OBJECT_CONVERSION = YES_AGGRESSIVE;
				CLANG_CXX_LANGUAGE_STANDARD = "gnu++20";
				CLANG_ENABLE_MODULES = YES;
				CLANG_ENABLE_OBJC_ARC = YES;
				CLANG_ENABLE_OBJC_WEAK = YES;
				CLANG_WARN_BLOCK_CAPTURE_AUTORELEASING = YES;
				CLANG_WARN_BOOL_CONVERSION = YES;
				CLANG_WARN_COMMA = YES;
				CLANG_WARN_CONSTANT_CONVERSION = YES;
				CLANG_WARN_DEPRECATED_OBJC_IMPLEMENTATIONS = YES;
				CLANG_WARN_DIRECT_OBJC_ISA_USAGE = YES_ERROR;
				CLANG_WARN_DOCUMENTATION_COMMENTS = YES;
				CLANG_WARN_EMPTY_BODY = YES;
				CLANG_WARN_ENUM_CONVERSION = YES;
				CLANG_WARN_INFINITE_RECURSION = YES;
				CLANG_WARN_INT_CONVERSION = YES;
				CLANG_WARN_NON_LITERAL_NULL_CONVERSION = YES;
				CLANG_WARN_OBJC_IMPLICIT_RETAIN_SELF = YES;
				CLANG_WARN_OBJC_LITERAL_CONVERSION = YES;
				CLANG_WARN_OBJC_ROOT_CLASS = YES_ERROR;
				CLANG_WARN_QUOTED_INCLUDE_IN_FRAMEWORK_HEADER = YES;
				CLANG_WARN_RANGE_LOOP_ANALYSIS = YES;
				CLANG_WARN_STRICT_PROTOTYPES = YES;
				CLANG_WARN_SUSPICIOUS_MOVE = YES;
				CLANG_WARN_UNGUARDED_AVAILABILITY = YES_AGGRESSIVE;
				CLANG_WARN_UNREACHABLE_CODE = YES;
				CLANG_WARN__DUPLICATE_METHOD_MATCH = YES;
				COPY_PHASE_STRIP = NO;
				DEBUG_INFORMATION_FORMAT = dwarf;
				ENABLE_STRICT_OBJC_MSGSEND = YES;
				ENABLE_TESTABILITY = YES;
				GCC_C_LANGUAGE_STANDARD = gnu11;
				GCC_DYNAMIC_NO_PIC = NO;
				GCC_NO_COMMON_BLOCKS = YES;
				GCC_OPTIMIZATION_LEVEL = 0;
				GCC_PREPROCESSOR_DEFINITIONS = (
					"DEBUG=1",
					"$(inherited)",
				);
				GCC_WARN_64_TO_32_BIT_CONVERSION = YES;
				GCC_WARN_ABOUT_RETURN_TYPE = YES_ERROR;
				GCC_WARN_UNDECLARED_SELECTOR = YES;
				GCC_WARN_UNINITIALIZED_AUTOS = YES_AGGRESSIVE;
				GCC_WARN_UNUSED_FUNCTION = YES;
				GCC_WARN_UNUSED_VARIABLE = YES;
				MTL_ENABLE_DEBUG_INFO = INCLUDE_SOURCE;
				MTL_FAST_MATH = YES;
				ONLY_ACTIVE_ARCH = YES;
				SWIFT_ACTIVE_COMPILATION_CONDITIONS = DEBUG;
				SWIFT_OPTIMIZATION_LEVEL = "-Onone";
			};
			name = Debug;
		};
		01E4F6B72A5F4C1000953FF6 /* Release */ = {
			isa = XCBuildConfiguration;
			buildSettings = {
				ALWAYS_SEARCH_USER_PATHS = NO;
				CLANG_ANALYZER_NONNULL = YES;
				CLANG_ANALYZER_NUMBER_OBJECT_CONVERSION = YES_AGGRESSIVE;
				CLANG_CXX_LANGUAGE_STANDARD = "gnu++20";
				CLANG_ENABLE_MODULES = YES;
				CLANG_ENABLE_OBJC_ARC = YES;
				CLANG_ENABLE_OBJC_WEAK = YES;
				CLANG_WARN_BLOCK_CAPTURE_AUTORELEASING = YES;
				CLANG_WARN_BOOL_CONVERSION = YES;
				CLANG_WARN_COMMA = YES;
				CLANG_WARN_CONSTANT_CONVERSION = YES;
				CLANG_WARN_DEPRECATED_OBJC_IMPLEMENTATIONS = YES;
				CLANG_WARN_DIRECT_OBJC_ISA_USAGE = YES_ERROR;
				CLANG_WARN_DOCUMENTATION_COMMENTS = YES;
				CLANG_WARN_EMPTY_BODY = YES;
				CLANG_WARN_ENUM_CONVERSION = YES;
				CLANG_WARN_INFINITE_RECURSION = YES;
				CLANG_WARN_INT_CONVERSION = YES;
				CLANG_WARN_NON_LITERAL_NULL_CONVERSION = YES;
				CLANG_WARN_OBJC_IMPLICIT_RETAIN_SELF = YES;
				CLANG_WARN_OBJC_LITERAL_CONVERSION = YES;
				CLANG_WARN_OBJC_ROOT_CLASS = YES_ERROR;
				CLANG_WARN_QUOTED_INCLUDE_IN_FRAMEWORK_HEADER = YES;
				CLANG_WARN_RANGE_LOOP_ANALYSIS = YES;
				CLANG_WARN_STRICT_PROTOTYPES = YES;
				CLANG_WARN_SUSPICIOUS_MOVE = YES;
				CLANG_WARN_UNGUARDED_AVAILABILITY = YES_AGGRESSIVE;
				CLANG_WARN_UNREACHABLE_CODE = YES;
				CLANG_WARN__DUPLICATE_METHOD_MATCH = YES;
				COPY_PHASE_STRIP = NO;
				DEBUG_INFORMATION_FORMAT = "dwarf-with-dsym";
				ENABLE_NS_ASSERTIONS = NO;
				ENABLE_STRICT_OBJC_MSGSEND = YES;
				GCC_C_LANGUAGE_STANDARD = gnu11;
				GCC_NO_COMMON_BLOCKS = YES;
				GCC_WARN_64_TO_32_BIT_CONVERSION = YES;
				GCC_WARN_ABOUT_RETURN_TYPE = YES_ERROR;
				GCC_WARN_UNDECLARED_SELECTOR = YES;
				GCC_WARN_UNINITIALIZED_AUTOS = YES_AGGRESSIVE;
				GCC_WARN_UNUSED_FUNCTION = YES;
				GCC_WARN_UNUSED_VARIABLE = YES;
				MTL_ENABLE_DEBUG_INFO = NO;
				MTL_FAST_MATH = YES;
				SWIFT_COMPILATION_MODE = wholemodule;
				SWIFT_OPTIMIZATION_LEVEL = "-O";
			};
			name = Release;
		};
		01E4F6B92A5F4C1000953FF6 /* Debug */ = {
			isa = XCBuildConfiguration;
			buildSettings = {
				ASSETCATALOG_COMPILER_APPICON_NAME = AppIcon;
				ASSETCATALOG_COMPILER_GLOBAL_ACCENT_COLOR_NAME = AccentColor;
				ASSETCATALOG_COMPILER_INCLUDE_ALL_APPICON_ASSETS = NO;
				CODE_SIGN_ENTITLEMENTS = xos/xos.entitlements;
				"CODE_SIGN_IDENTITY[sdk=macosx*]" = "Apple Development";
				CODE_SIGN_STYLE = Automatic;
				CURRENT_PROJECT_VERSION = 1;
				DEVELOPMENT_ASSET_PATHS = "\"xos/Resources/Preview Content\"";
				DEVELOPMENT_TEAM = 75S7WRLH3U;
				ENABLE_HARDENED_RUNTIME = YES;
				ENABLE_PREVIEWS = YES;
				GENERATE_INFOPLIST_FILE = YES;
				INFOPLIST_FILE = xos/Info.plist;
				INFOPLIST_KEY_LSApplicationCategoryType = "public.app-category.productivity";
				INFOPLIST_KEY_UIApplicationSceneManifest_Generation = YES;
				"INFOPLIST_KEY_UIApplicationSceneManifest_Generation[sdk=iphoneos*]" = YES;
				"INFOPLIST_KEY_UIApplicationSceneManifest_Generation[sdk=iphonesimulator*]" = YES;
				INFOPLIST_KEY_UIApplicationSupportsIndirectInputEvents = YES;
				"INFOPLIST_KEY_UIApplicationSupportsIndirectInputEvents[sdk=iphoneos*]" = YES;
				"INFOPLIST_KEY_UIApplicationSupportsIndirectInputEvents[sdk=iphonesimulator*]" = YES;
				INFOPLIST_KEY_UILaunchScreen_Generation = YES;
				"INFOPLIST_KEY_UILaunchScreen_Generation[sdk=iphoneos*]" = YES;
				"INFOPLIST_KEY_UILaunchScreen_Generation[sdk=iphonesimulator*]" = YES;
				INFOPLIST_KEY_UILaunchStoryboardName = LaunchScreen.storyboard;
				INFOPLIST_KEY_UIStatusBarStyle = UIStatusBarStyleDefault;
				"INFOPLIST_KEY_UIStatusBarStyle[sdk=iphoneos*]" = UIStatusBarStyleDefault;
				"INFOPLIST_KEY_UIStatusBarStyle[sdk=iphonesimulator*]" = UIStatusBarStyleDefault;
				INFOPLIST_KEY_UISupportedInterfaceOrientations_iPad = "UIInterfaceOrientationPortrait UIInterfaceOrientationPortraitUpsideDown UIInterfaceOrientationLandscapeLeft UIInterfaceOrientationLandscapeRight";
				INFOPLIST_KEY_UISupportedInterfaceOrientations_iPhone = "UIInterfaceOrientationPortrait UIInterfaceOrientationLandscapeLeft UIInterfaceOrientationLandscapeRight";
				IPHONEOS_DEPLOYMENT_TARGET = 16.4;
				LD_RUNPATH_SEARCH_PATHS = "@executable_path/Frameworks";
				"LD_RUNPATH_SEARCH_PATHS[sdk=macosx*]" = "@executable_path/../Frameworks";
				MACOSX_DEPLOYMENT_TARGET = 13.3;
				MARKETING_VERSION = 1.0;
				PRODUCT_BUNDLE_IDENTIFIER = newsie.rocks.app;
				PRODUCT_NAME = Newsie;
				SDKROOT = iphoneos;
				SUPPORTED_PLATFORMS = "iphoneos iphonesimulator macosx";
				SWIFT_EMIT_LOC_STRINGS = YES;
				SWIFT_VERSION = 5.0;
				TARGETED_DEVICE_FAMILY = "1,2";
			};
			name = Debug;
		};
		01E4F6BA2A5F4C1000953FF6 /* Release */ = {
			isa = XCBuildConfiguration;
			buildSettings = {
				ASSETCATALOG_COMPILER_APPICON_NAME = AppIcon;
				ASSETCATALOG_COMPILER_GLOBAL_ACCENT_COLOR_NAME = AccentColor;
				ASSETCATALOG_COMPILER_INCLUDE_ALL_APPICON_ASSETS = NO;
				CODE_SIGN_ENTITLEMENTS = xos/xos.entitlements;
				"CODE_SIGN_IDENTITY[sdk=macosx*]" = "Apple Development";
				CODE_SIGN_STYLE = Automatic;
				CURRENT_PROJECT_VERSION = 1;
				DEVELOPMENT_ASSET_PATHS = "\"xos/Resources/Preview Content\"";
				DEVELOPMENT_TEAM = 75S7WRLH3U;
				ENABLE_HARDENED_RUNTIME = YES;
				ENABLE_PREVIEWS = YES;
				GENERATE_INFOPLIST_FILE = YES;
				INFOPLIST_FILE = xos/Info.plist;
				INFOPLIST_KEY_LSApplicationCategoryType = "public.app-category.productivity";
				INFOPLIST_KEY_UIApplicationSceneManifest_Generation = YES;
				"INFOPLIST_KEY_UIApplicationSceneManifest_Generation[sdk=iphoneos*]" = YES;
				"INFOPLIST_KEY_UIApplicationSceneManifest_Generation[sdk=iphonesimulator*]" = YES;
				INFOPLIST_KEY_UIApplicationSupportsIndirectInputEvents = YES;
				"INFOPLIST_KEY_UIApplicationSupportsIndirectInputEvents[sdk=iphoneos*]" = YES;
				"INFOPLIST_KEY_UIApplicationSupportsIndirectInputEvents[sdk=iphonesimulator*]" = YES;
				INFOPLIST_KEY_UILaunchScreen_Generation = YES;
				"INFOPLIST_KEY_UILaunchScreen_Generation[sdk=iphoneos*]" = YES;
				"INFOPLIST_KEY_UILaunchScreen_Generation[sdk=iphonesimulator*]" = YES;
				INFOPLIST_KEY_UILaunchStoryboardName = LaunchScreen.storyboard;
				INFOPLIST_KEY_UIStatusBarStyle = UIStatusBarStyleDefault;
				"INFOPLIST_KEY_UIStatusBarStyle[sdk=iphoneos*]" = UIStatusBarStyleDefault;
				"INFOPLIST_KEY_UIStatusBarStyle[sdk=iphonesimulator*]" = UIStatusBarStyleDefault;
				INFOPLIST_KEY_UISupportedInterfaceOrientations_iPad = "UIInterfaceOrientationPortrait UIInterfaceOrientationPortraitUpsideDown UIInterfaceOrientationLandscapeLeft UIInterfaceOrientationLandscapeRight";
				INFOPLIST_KEY_UISupportedInterfaceOrientations_iPhone = "UIInterfaceOrientationPortrait UIInterfaceOrientationLandscapeLeft UIInterfaceOrientationLandscapeRight";
				IPHONEOS_DEPLOYMENT_TARGET = 16.4;
				LD_RUNPATH_SEARCH_PATHS = "@executable_path/Frameworks";
				"LD_RUNPATH_SEARCH_PATHS[sdk=macosx*]" = "@executable_path/../Frameworks";
				MACOSX_DEPLOYMENT_TARGET = 13.3;
				MARKETING_VERSION = 1.0;
				PRODUCT_BUNDLE_IDENTIFIER = newsie.rocks.app;
				PRODUCT_NAME = Newsie;
				SDKROOT = iphoneos;
				SUPPORTED_PLATFORMS = "iphoneos iphonesimulator macosx";
				SWIFT_EMIT_LOC_STRINGS = YES;
				SWIFT_VERSION = 5.0;
				TARGETED_DEVICE_FAMILY = "1,2";
			};
			name = Release;
		};
		01E4F6BC2A5F4C1000953FF6 /* Debug */ = {
			isa = XCBuildConfiguration;
			buildSettings = {
				ALWAYS_EMBED_SWIFT_STANDARD_LIBRARIES = YES;
				BUNDLE_LOADER = "$(TEST_HOST)";
				CODE_SIGN_STYLE = Automatic;
				CURRENT_PROJECT_VERSION = 1;
				DEVELOPMENT_TEAM = 75S7WRLH3U;
				GENERATE_INFOPLIST_FILE = YES;
				IPHONEOS_DEPLOYMENT_TARGET = 16.4;
				MACOSX_DEPLOYMENT_TARGET = 13.3;
				MARKETING_VERSION = 1.0;
				PRODUCT_BUNDLE_IDENTIFIER = newsie.rocks.macappTests;
				PRODUCT_NAME = "$(TARGET_NAME)";
				SDKROOT = auto;
				SUPPORTED_PLATFORMS = "iphoneos iphonesimulator macosx";
				SWIFT_EMIT_LOC_STRINGS = NO;
				SWIFT_VERSION = 5.0;
				TARGETED_DEVICE_FAMILY = "1,2";
				TEST_HOST = "$(BUILT_PRODUCTS_DIR)/xos.app/$(BUNDLE_EXECUTABLE_FOLDER_PATH)/xos";
			};
			name = Debug;
		};
		01E4F6BD2A5F4C1000953FF6 /* Release */ = {
			isa = XCBuildConfiguration;
			buildSettings = {
				ALWAYS_EMBED_SWIFT_STANDARD_LIBRARIES = YES;
				BUNDLE_LOADER = "$(TEST_HOST)";
				CODE_SIGN_STYLE = Automatic;
				CURRENT_PROJECT_VERSION = 1;
				DEVELOPMENT_TEAM = 75S7WRLH3U;
				GENERATE_INFOPLIST_FILE = YES;
				IPHONEOS_DEPLOYMENT_TARGET = 16.4;
				MACOSX_DEPLOYMENT_TARGET = 13.3;
				MARKETING_VERSION = 1.0;
				PRODUCT_BUNDLE_IDENTIFIER = newsie.rocks.macappTests;
				PRODUCT_NAME = "$(TARGET_NAME)";
				SDKROOT = auto;
				SUPPORTED_PLATFORMS = "iphoneos iphonesimulator macosx";
				SWIFT_EMIT_LOC_STRINGS = NO;
				SWIFT_VERSION = 5.0;
				TARGETED_DEVICE_FAMILY = "1,2";
				TEST_HOST = "$(BUILT_PRODUCTS_DIR)/xos.app/$(BUNDLE_EXECUTABLE_FOLDER_PATH)/xos";
			};
			name = Release;
		};
		01E4F6BF2A5F4C1000953FF6 /* Debug */ = {
			isa = XCBuildConfiguration;
			buildSettings = {
				ALWAYS_EMBED_SWIFT_STANDARD_LIBRARIES = YES;
				CODE_SIGN_STYLE = Automatic;
				CURRENT_PROJECT_VERSION = 1;
				DEVELOPMENT_TEAM = 75S7WRLH3U;
				GENERATE_INFOPLIST_FILE = YES;
				IPHONEOS_DEPLOYMENT_TARGET = 16.4;
				MACOSX_DEPLOYMENT_TARGET = 13.3;
				MARKETING_VERSION = 1.0;
				PRODUCT_BUNDLE_IDENTIFIER = newsie.rocks.xosUITests;
				PRODUCT_NAME = "$(TARGET_NAME)";
				SDKROOT = auto;
				SUPPORTED_PLATFORMS = "iphoneos iphonesimulator macosx";
				SWIFT_EMIT_LOC_STRINGS = NO;
				SWIFT_VERSION = 5.0;
				TARGETED_DEVICE_FAMILY = "1,2";
				TEST_TARGET_NAME = xos;
			};
			name = Debug;
		};
		01E4F6C02A5F4C1000953FF6 /* Release */ = {
			isa = XCBuildConfiguration;
			buildSettings = {
				ALWAYS_EMBED_SWIFT_STANDARD_LIBRARIES = YES;
				CODE_SIGN_STYLE = Automatic;
				CURRENT_PROJECT_VERSION = 1;
				DEVELOPMENT_TEAM = 75S7WRLH3U;
				GENERATE_INFOPLIST_FILE = YES;
				IPHONEOS_DEPLOYMENT_TARGET = 16.4;
				MACOSX_DEPLOYMENT_TARGET = 13.3;
				MARKETING_VERSION = 1.0;
				PRODUCT_BUNDLE_IDENTIFIER = newsie.rocks.xosUITests;
				PRODUCT_NAME = "$(TARGET_NAME)";
				SDKROOT = auto;
				SUPPORTED_PLATFORMS = "iphoneos iphonesimulator macosx";
				SWIFT_EMIT_LOC_STRINGS = NO;
				SWIFT_VERSION = 5.0;
				TARGETED_DEVICE_FAMILY = "1,2";
				TEST_TARGET_NAME = xos;
			};
			name = Release;
		};
/* End XCBuildConfiguration section */

/* Begin XCConfigurationList section */
		01E4F6892A5F4C1000953FF6 /* Build configuration list for PBXProject "xos" */ = {
			isa = XCConfigurationList;
			buildConfigurations = (
				01E4F6B62A5F4C1000953FF6 /* Debug */,
				01E4F6B72A5F4C1000953FF6 /* Release */,
			);
			defaultConfigurationIsVisible = 0;
			defaultConfigurationName = Release;
		};
		01E4F6B82A5F4C1000953FF6 /* Build configuration list for PBXNativeTarget "xos" */ = {
			isa = XCConfigurationList;
			buildConfigurations = (
				01E4F6B92A5F4C1000953FF6 /* Debug */,
				01E4F6BA2A5F4C1000953FF6 /* Release */,
			);
			defaultConfigurationIsVisible = 0;
			defaultConfigurationName = Release;
		};
		01E4F6BB2A5F4C1000953FF6 /* Build configuration list for PBXNativeTarget "xosTests" */ = {
			isa = XCConfigurationList;
			buildConfigurations = (
				01E4F6BC2A5F4C1000953FF6 /* Debug */,
				01E4F6BD2A5F4C1000953FF6 /* Release */,
			);
			defaultConfigurationIsVisible = 0;
			defaultConfigurationName = Release;
		};
		01E4F6BE2A5F4C1000953FF6 /* Build configuration list for PBXNativeTarget "xosUITests" */ = {
			isa = XCConfigurationList;
			buildConfigurations = (
				01E4F6BF2A5F4C1000953FF6 /* Debug */,
				01E4F6C02A5F4C1000953FF6 /* Release */,
			);
			defaultConfigurationIsVisible = 0;
			defaultConfigurationName = Release;
		};
/* End XCConfigurationList section */

/* Begin XCRemoteSwiftPackageReference section */
		011ADCE02A7537DA005F38EE /* XCRemoteSwiftPackageReference "FeedKit" */ = {
			isa = XCRemoteSwiftPackageReference;
			repositoryURL = "https://github.com/nmdias/FeedKit.git";
			requirement = {
				kind = upToNextMajorVersion;
				minimumVersion = 9.0.0;
			};
		};
/* End XCRemoteSwiftPackageReference section */

/* Begin XCSwiftPackageProductDependency section */
		011ADCE12A7537DA005F38EE /* FeedKit */ = {
			isa = XCSwiftPackageProductDependency;
			package = 011ADCE02A7537DA005F38EE /* XCRemoteSwiftPackageReference "FeedKit" */;
			productName = FeedKit;
		};
/* End XCSwiftPackageProductDependency section */

/* Begin XCVersionGroup section */
		011ADCD42A740DD4005F38EE /* DataModel.xcdatamodeld */ = {
			isa = XCVersionGroup;
			children = (
				011ADCD52A740DD4005F38EE /* DataModel.xcdatamodel */,
			);
			currentVersion = 011ADCD52A740DD4005F38EE /* DataModel.xcdatamodel */;
			path = DataModel.xcdatamodeld;
			sourceTree = "<group>";
			versionGroupType = wrapper.xcdatamodel;
		};
/* End XCVersionGroup section */
	};
	rootObject = 01E4F6862A5F4C1000953FF6 /* Project object */;
}
